
Microsoft Visual Studio Solution File, Format Version 12.00
# Visual Studio Version 17
VisualStudioVersion = 17.7.34031.279
MinimumVisualStudioVersion = 10.0.40219.1
Project("{FAE04EC0-301F-11D3-BF4B-00C04F79EFBC}") = "Warehouse", "Warehouse Management System\Warehouse.csproj", "{9C1031DD-C007-410C-A436-59347BBEA20B}"
EndProject
Global
	GlobalSection(SolutionConfigurationPlatforms) = preSolution
		Debug|Any CPU = Debug|Any CPU
		Release|Any CPU = Release|Any CPU
	EndGlobalSection
	GlobalSection(ProjectConfigurationPlatforms) = postSolution
		{9C1031DD-C007-410C-A436-59347BBEA20B}.Debug|Any CPU.ActiveCfg = Debug|Any CPU
		{9C1031DD-C007-410C-A436-59347BBEA20B}.Debug|Any CPU.Build.0 = Debug|Any CPU
		{9C1031DD-C007-410C-A436-59347BBEA20B}.Release|Any CPU.ActiveCfg = Release|Any CPU
		{9C1031DD-C007-410C-A436-59347BBEA20B}.Release|Any CPU.Build.0 = Release|Any CPU
	EndGlobalSection
	GlobalSection(SolutionProperties) = preSolution
		HideSolutionNode = FALSE
	EndGlobalSection
	GlobalSection(ExtensibilityGlobals) = postSolution
		SolutionGuid = {331E625E-EFC0-489C-A87B-6D3CA100AA63}
	EndGlobalSection
EndGlobal
